
Microsoft Visual Studio Solution File, Format Version 12.00
# Visual Studio Version 17
VisualStudioVersion = 17.3.32929.385
MinimumVisualStudioVersion = 10.0.40219.1
Project("{8BC9CEB8-8B4A-11D0-8D11-00A0C91BC942}") = "FunctionOverloading", "FunctionOverloading\FunctionOverloading.vcxproj", "{A257E959-624E-43E6-B4E6-F5F351A9DE2F}"
EndProject
Global
	GlobalSection(SolutionConfigurationPlatforms) = preSolution
		Debug|x64 = Debug|x64
		Debug|x86 = Debug|x86
		Release|x64 = Release|x64
		Release|x86 = Release|x86
	EndGlobalSection
	GlobalSection(ProjectConfigurationPlatforms) = postSolution
		{A257E959-624E-43E6-B4E6-F5F351A9DE2F}.Debug|x64.ActiveCfg = Debug|x64
		{A257E959-624E-43E6-B4E6-F5F351A9DE2F}.Debug|x64.Build.0 = Debug|x64
		{A257E959-624E-43E6-B4E6-F5F351A9DE2F}.Debug|x86.ActiveCfg = Debug|Win32
		{A257E959-624E-43E6-B4E6-F5F351A9DE2F}.Debug|x86.Build.0 = Debug|Win32
		{A257E959-624E-43E6-B4E6-F5F351A9DE2F}.Release|x64.ActiveCfg = Release|x64
		{A257E959-624E-43E6-B4E6-F5F351A9DE2F}.Release|x64.Build.0 = Release|x64
		{A257E959-624E-43E6-B4E6-F5F351A9DE2F}.Release|x86.ActiveCfg = Release|Win32
		{A257E959-624E-43E6-B4E6-F5F351A9DE2F}.Release|x86.Build.0 = Release|Win32
	EndGlobalSection
	GlobalSection(SolutionProperties) = preSolution
		HideSolutionNode = FALSE
	EndGlobalSection
	GlobalSection(ExtensibilityGlobals) = postSolution
		SolutionGuid = {557A8B5D-B016-47AD-A7AE-19FC9D53AC1C}
	EndGlobalSection
EndGlobal
